{
  "name": "@hanger-source/dsh-desktop-runtime",
  "version": "0.0.0-dev",
  "lockfileVersion": 3,
  "requires": true,
  "packages": {
    "": {
      "name": "@hanger-source/dsh-desktop-runtime",
      "version": "0.0.0-dev",
      "license": "MIT",
      "dependencies": {
        "semver": "7.7.2"
      }
    },
    "node_modules/semver": {
      "version": "7.7.2",
      "resolved": "https://registry.anpm.alibaba-inc.com/semver/-/semver-7.7.2.tgz",
      "integrity": "sha512-RF0Fw+rO5AMf9MAyaRXI4AV0Ulj5lMHqVxxdSgiVbixSCXoEmmX/jk0CuJw4+3SqroYO9VoUh+HcuJivvtJemA==",
      "license": "ISC",
      "bin": {
        "semver": "bin/semver.js"
      },
      "engines": {
        "node": ">=10"
      }
    }
  }
}
